
Microsoft Visual Studio Solution File, Format Version 12.00
# Visual Studio 15
Project("{FAE04EC0-301F-11D3-BF4B-00C04F79EFBC}") = "Assembly-CSharp-firstpass", "Assembly-CSharp-firstpass.csproj", "{D07A8718-97E3-F3A8-90BC-AFE2337C3B09}"
EndProject
Project("{FAE04EC0-301F-11D3-BF4B-00C04F79EFBC}") = "Assembly-CSharp", "Assembly-CSharp.csproj", "{A12A95FF-6081-C754-4915-3C90512391C1}"
EndProject
Project("{FAE04EC0-301F-11D3-BF4B-00C04F79EFBC}") = "Assembly-CSharp-Editor-firstpass", "Assembly-CSharp-Editor-firstpass.csproj", "{0DF8D9F8-5B5A-24B3-B799-F2F2AE9507B8}"
EndProject
Global
	GlobalSection(SolutionConfigurationPlatforms) = preSolution
		Debug|Any CPU = Debug|Any CPU
		Release|Any CPU = Release|Any CPU
	EndGlobalSection
	GlobalSection(ProjectConfigurationPlatforms) = postSolution
		{D07A8718-97E3-F3A8-90BC-AFE2337C3B09}.Debug|Any CPU.ActiveCfg = Debug|Any CPU
		{D07A8718-97E3-F3A8-90BC-AFE2337C3B09}.Debug|Any CPU.Build.0 = Debug|Any CPU
		{D07A8718-97E3-F3A8-90BC-AFE2337C3B09}.Release|Any CPU.ActiveCfg = Release|Any CPU
		{D07A8718-97E3-F3A8-90BC-AFE2337C3B09}.Release|Any CPU.Build.0 = Release|Any CPU
		{A12A95FF-6081-C754-4915-3C90512391C1}.Debug|Any CPU.ActiveCfg = Debug|Any CPU
		{A12A95FF-6081-C754-4915-3C90512391C1}.Debug|Any CPU.Build.0 = Debug|Any CPU
		{A12A95FF-6081-C754-4915-3C90512391C1}.Release|Any CPU.ActiveCfg = Release|Any CPU
		{A12A95FF-6081-C754-4915-3C90512391C1}.Release|Any CPU.Build.0 = Release|Any CPU
		{0DF8D9F8-5B5A-24B3-B799-F2F2AE9507B8}.Debug|Any CPU.ActiveCfg = Debug|Any CPU
		{0DF8D9F8-5B5A-24B3-B799-F2F2AE9507B8}.Debug|Any CPU.Build.0 = Debug|Any CPU
		{0DF8D9F8-5B5A-24B3-B799-F2F2AE9507B8}.Release|Any CPU.ActiveCfg = Release|Any CPU
		{0DF8D9F8-5B5A-24B3-B799-F2F2AE9507B8}.Release|Any CPU.Build.0 = Release|Any CPU
	EndGlobalSection
	GlobalSection(SolutionProperties) = preSolution
		HideSolutionNode = FALSE
	EndGlobalSection
EndGlobal
